
Microsoft Visual Studio Solution File, Format Version 12.00
# Visual Studio Version 17
VisualStudioVersion = 17.11.35208.52
MinimumVisualStudioVersion = 10.0.40219.1
Project("{2150E333-8FDC-42A3-9474-1A3956D46DE8}") = "Services", "Services", "{D5259F68-05F8-4DD5-BE8B-282EBAF349A1}"
EndProject
Project("{2150E333-8FDC-42A3-9474-1A3956D46DE8}") = "WebApps", "WebApps", "{3707547C-CE16-457D-B8C0-7BD5B2BA0344}"
EndProject
Project("{2150E333-8FDC-42A3-9474-1A3956D46DE8}") = "Cadastros", "Cadastros", "{A840AC5A-3E89-41C0-AACB-89BC807B01B7}"
EndProject
Project("{2150E333-8FDC-42A3-9474-1A3956D46DE8}") = "Catalogo", "Catalogo", "{C249F581-9A1B-4629-9F0B-6B16F2D17BBE}"
EndProject
Project("{2150E333-8FDC-42A3-9474-1A3956D46DE8}") = "Core", "Core", "{D167C60D-9CA7-4812-9A8C-222F26699A23}"
EndProject
Project("{2150E333-8FDC-42A3-9474-1A3956D46DE8}") = "Fiscal", "Fiscal", "{35473A3B-602E-45FF-9A8A-A60649017146}"
EndProject
Project("{2150E333-8FDC-42A3-9474-1A3956D46DE8}") = "Pagamentos", "Pagamentos", "{EEBBE234-F747-486C-A634-8C74494007AB}"
EndProject
Project("{2150E333-8FDC-42A3-9474-1A3956D46DE8}") = "Vendas", "Vendas", "{1675682D-C361-4FB8-AA10-0749CEA0BA42}"
EndProject
Project("{FAE04EC0-301F-11D3-BF4B-00C04F79EFBC}") = "NerdStoreDemo.Catalogo.Domain", "src\NerdStoreDemo.Catalogo.Domain\NerdStoreDemo.Catalogo.Domain.csproj", "{6485DF2C-D690-40A1-98E1-6F7563BE5B2C}"
EndProject
Project("{FAE04EC0-301F-11D3-BF4B-00C04F79EFBC}") = "NerdStoreDemo.Core", "src\NerdStoreDemo.Core\NerdStoreDemo.Core.csproj", "{FC680DF8-3DB1-460E-87B4-64865122315D}"
EndProject
Project("{2150E333-8FDC-42A3-9474-1A3956D46DE8}") = "Tests", "Tests", "{02EA681E-C7D8-13C7-8484-4AC65E1B71E8}"
EndProject
Project("{FAE04EC0-301F-11D3-BF4B-00C04F79EFBC}") = "NerdStore.Catalogo.Domain.Tests", "tests\NerdStore.Catalogo.Domain.Tests\NerdStore.Catalogo.Domain.Tests.csproj", "{062A7EBA-69E8-4591-869C-C38552265158}"
EndProject
Project("{FAE04EC0-301F-11D3-BF4B-00C04F79EFBC}") = "NerdStore.Catalogo.Data", "src\NerdStore.Catalogo.Data\NerdStore.Catalogo.Data.csproj", "{372F3ADA-3761-4615-BB39-365D9ACEE01B}"
EndProject
Global
	GlobalSection(SolutionConfigurationPlatforms) = preSolution
		Debug|Any CPU = Debug|Any CPU
		Release|Any CPU = Release|Any CPU
	EndGlobalSection
	GlobalSection(ProjectConfigurationPlatforms) = postSolution
		{6485DF2C-D690-40A1-98E1-6F7563BE5B2C}.Debug|Any CPU.ActiveCfg = Debug|Any CPU
		{6485DF2C-D690-40A1-98E1-6F7563BE5B2C}.Debug|Any CPU.Build.0 = Debug|Any CPU
		{6485DF2C-D690-40A1-98E1-6F7563BE5B2C}.Release|Any CPU.ActiveCfg = Release|Any CPU
		{6485DF2C-D690-40A1-98E1-6F7563BE5B2C}.Release|Any CPU.Build.0 = Release|Any CPU
		{FC680DF8-3DB1-460E-87B4-64865122315D}.Debug|Any CPU.ActiveCfg = Debug|Any CPU
		{FC680DF8-3DB1-460E-87B4-64865122315D}.Debug|Any CPU.Build.0 = Debug|Any CPU
		{FC680DF8-3DB1-460E-87B4-64865122315D}.Release|Any CPU.ActiveCfg = Release|Any CPU
		{FC680DF8-3DB1-460E-87B4-64865122315D}.Release|Any CPU.Build.0 = Release|Any CPU
		{062A7EBA-69E8-4591-869C-C38552265158}.Debug|Any CPU.ActiveCfg = Debug|Any CPU
		{062A7EBA-69E8-4591-869C-C38552265158}.Debug|Any CPU.Build.0 = Debug|Any CPU
		{062A7EBA-69E8-4591-869C-C38552265158}.Release|Any CPU.ActiveCfg = Release|Any CPU
		{062A7EBA-69E8-4591-869C-C38552265158}.Release|Any CPU.Build.0 = Release|Any CPU
		{372F3ADA-3761-4615-BB39-365D9ACEE01B}.Debug|Any CPU.ActiveCfg = Debug|Any CPU
		{372F3ADA-3761-4615-BB39-365D9ACEE01B}.Debug|Any CPU.Build.0 = Debug|Any CPU
		{372F3ADA-3761-4615-BB39-365D9ACEE01B}.Release|Any CPU.ActiveCfg = Release|Any CPU
		{372F3ADA-3761-4615-BB39-365D9ACEE01B}.Release|Any CPU.Build.0 = Release|Any CPU
	EndGlobalSection
	GlobalSection(SolutionProperties) = preSolution
		HideSolutionNode = FALSE
	EndGlobalSection
	GlobalSection(NestedProjects) = preSolution
		{A840AC5A-3E89-41C0-AACB-89BC807B01B7} = {D5259F68-05F8-4DD5-BE8B-282EBAF349A1}
		{C249F581-9A1B-4629-9F0B-6B16F2D17BBE} = {D5259F68-05F8-4DD5-BE8B-282EBAF349A1}
		{D167C60D-9CA7-4812-9A8C-222F26699A23} = {D5259F68-05F8-4DD5-BE8B-282EBAF349A1}
		{35473A3B-602E-45FF-9A8A-A60649017146} = {D5259F68-05F8-4DD5-BE8B-282EBAF349A1}
		{EEBBE234-F747-486C-A634-8C74494007AB} = {D5259F68-05F8-4DD5-BE8B-282EBAF349A1}
		{1675682D-C361-4FB8-AA10-0749CEA0BA42} = {D5259F68-05F8-4DD5-BE8B-282EBAF349A1}
		{6485DF2C-D690-40A1-98E1-6F7563BE5B2C} = {C249F581-9A1B-4629-9F0B-6B16F2D17BBE}
		{FC680DF8-3DB1-460E-87B4-64865122315D} = {D167C60D-9CA7-4812-9A8C-222F26699A23}
		{02EA681E-C7D8-13C7-8484-4AC65E1B71E8} = {C249F581-9A1B-4629-9F0B-6B16F2D17BBE}
		{062A7EBA-69E8-4591-869C-C38552265158} = {02EA681E-C7D8-13C7-8484-4AC65E1B71E8}
		{372F3ADA-3761-4615-BB39-365D9ACEE01B} = {C249F581-9A1B-4629-9F0B-6B16F2D17BBE}
	EndGlobalSection
	GlobalSection(ExtensibilityGlobals) = postSolution
		SolutionGuid = {04D9D606-D65F-4B63-912E-D04FC8B20E38}
	EndGlobalSection
EndGlobal
