
Microsoft Visual Studio Solution File, Format Version 12.00
# Visual Studio Version 17
VisualStudioVersion = 17.11.35208.52
MinimumVisualStudioVersion = 10.0.40219.1
Project("{2150E333-8FDC-42A3-9474-1A3956D46DE8}") = "Services", "Services", "{D5259F68-05F8-4DD5-BE8B-282EBAF349A1}"
EndProject
Project("{2150E333-8FDC-42A3-9474-1A3956D46DE8}") = "WebApps", "WebApps", "{3707547C-CE16-457D-B8C0-7BD5B2BA0344}"
EndProject
Project("{2150E333-8FDC-42A3-9474-1A3956D46DE8}") = "Cadastros", "Cadastros", "{A840AC5A-3E89-41C0-AACB-89BC807B01B7}"
EndProject
Project("{2150E333-8FDC-42A3-9474-1A3956D46DE8}") = "Catalogo", "Catalogo", "{C249F581-9A1B-4629-9F0B-6B16F2D17BBE}"
EndProject
Project("{2150E333-8FDC-42A3-9474-1A3956D46DE8}") = "Core", "Core", "{D167C60D-9CA7-4812-9A8C-222F26699A23}"
EndProject
Project("{2150E333-8FDC-42A3-9474-1A3956D46DE8}") = "Fiscal", "Fiscal", "{35473A3B-602E-45FF-9A8A-A60649017146}"
EndProject
Project("{2150E333-8FDC-42A3-9474-1A3956D46DE8}") = "Pagamentos", "Pagamentos", "{EEBBE234-F747-486C-A634-8C74494007AB}"
EndProject
Project("{2150E333-8FDC-42A3-9474-1A3956D46DE8}") = "Vendas", "Vendas", "{1675682D-C361-4FB8-AA10-0749CEA0BA42}"
EndProject
Project("{9A19103F-16F7-4668-BE54-9A1E7A4F7556}") = "NerdStoreDemo.Catalogo.Domain", "src\NerdStoreDemo.Catalogo.Domain\NerdStoreDemo.Catalogo.Domain.csproj", "{6485DF2C-D690-40A1-98E1-6F7563BE5B2C}"
EndProject
Project("{9A19103F-16F7-4668-BE54-9A1E7A4F7556}") = "NerdStoreDemo.Core", "src\NerdStoreDemo.Core\NerdStoreDemo.Core.csproj", "{FC680DF8-3DB1-460E-87B4-64865122315D}"
EndProject
Project("{2150E333-8FDC-42A3-9474-1A3956D46DE8}") = "Tests", "Tests", "{02EA681E-C7D8-13C7-8484-4AC65E1B71E8}"
EndProject
Project("{9A19103F-16F7-4668-BE54-9A1E7A4F7556}") = "NerdStore.Catalogo.Domain.Tests", "tests\NerdStore.Catalogo.Domain.Tests\NerdStore.Catalogo.Domain.Tests.csproj", "{062A7EBA-69E8-4591-869C-C38552265158}"
EndProject
Project("{9A19103F-16F7-4668-BE54-9A1E7A4F7556}") = "NerdStoreDemo.Catalogo.Data", "src\NerdStore.Catalogo.Data\NerdStoreDemo.Catalogo.Data.csproj", "{372F3ADA-3761-4615-BB39-365D9ACEE01B}"
EndProject
Project("{9A19103F-16F7-4668-BE54-9A1E7A4F7556}") = "NerdStoreDemo.Catalogo.Application", "src\NerdStore.Catalogo.Application\NerdStoreDemo.Catalogo.Application.csproj", "{C316646B-B739-41D5-9300-3AFBB1B6B43A}"
EndProject
Project("{9A19103F-16F7-4668-BE54-9A1E7A4F7556}") = "NerdStoreDemo.WebApp.MVC", "src\NerdStore.WebApp.MVC\NerdStoreDemo.WebApp.MVC.csproj", "{566BC63F-682F-43A2-B21A-DAE2DE7D41A8}"
EndProject
Project("{FAE04EC0-301F-11D3-BF4B-00C04F79EFBC}") = "NerdStoreDemo.Vendas.Domain", "src\NerdStoreDemo.Vendas.Domain\NerdStoreDemo.Vendas.Domain.csproj", "{F17E93AB-C767-4381-A3E3-3D91FF75A88E}"
EndProject
Project("{FAE04EC0-301F-11D3-BF4B-00C04F79EFBC}") = "NerdStoreDemo.Vendas.Application", "src\NerdStoreDemo.Vendas.Application\NerdStoreDemo.Vendas.Application.csproj", "{39C3E83A-E803-47D5-A0D5-62C19AF991E7}"
EndProject
Project("{FAE04EC0-301F-11D3-BF4B-00C04F79EFBC}") = "NerdStoreDemo.Vendas.Data", "src\NerdStoreDemo.Vendas.Data\NerdStoreDemo.Vendas.Data.csproj", "{5FE24EDD-55CC-47B3-92D3-3D700474CFFC}"
EndProject
Global
	GlobalSection(SolutionConfigurationPlatforms) = preSolution
		Debug|Any CPU = Debug|Any CPU
		Release|Any CPU = Release|Any CPU
	EndGlobalSection
	GlobalSection(ProjectConfigurationPlatforms) = postSolution
		{6485DF2C-D690-40A1-98E1-6F7563BE5B2C}.Debug|Any CPU.ActiveCfg = Debug|Any CPU
		{6485DF2C-D690-40A1-98E1-6F7563BE5B2C}.Debug|Any CPU.Build.0 = Debug|Any CPU
		{6485DF2C-D690-40A1-98E1-6F7563BE5B2C}.Release|Any CPU.ActiveCfg = Release|Any CPU
		{6485DF2C-D690-40A1-98E1-6F7563BE5B2C}.Release|Any CPU.Build.0 = Release|Any CPU
		{FC680DF8-3DB1-460E-87B4-64865122315D}.Debug|Any CPU.ActiveCfg = Debug|Any CPU
		{FC680DF8-3DB1-460E-87B4-64865122315D}.Debug|Any CPU.Build.0 = Debug|Any CPU
		{FC680DF8-3DB1-460E-87B4-64865122315D}.Release|Any CPU.ActiveCfg = Release|Any CPU
		{FC680DF8-3DB1-460E-87B4-64865122315D}.Release|Any CPU.Build.0 = Release|Any CPU
		{062A7EBA-69E8-4591-869C-C38552265158}.Debug|Any CPU.ActiveCfg = Debug|Any CPU
		{062A7EBA-69E8-4591-869C-C38552265158}.Debug|Any CPU.Build.0 = Debug|Any CPU
		{062A7EBA-69E8-4591-869C-C38552265158}.Release|Any CPU.ActiveCfg = Release|Any CPU
		{062A7EBA-69E8-4591-869C-C38552265158}.Release|Any CPU.Build.0 = Release|Any CPU
		{372F3ADA-3761-4615-BB39-365D9ACEE01B}.Debug|Any CPU.ActiveCfg = Debug|Any CPU
		{372F3ADA-3761-4615-BB39-365D9ACEE01B}.Debug|Any CPU.Build.0 = Debug|Any CPU
		{372F3ADA-3761-4615-BB39-365D9ACEE01B}.Release|Any CPU.ActiveCfg = Release|Any CPU
		{372F3ADA-3761-4615-BB39-365D9ACEE01B}.Release|Any CPU.Build.0 = Release|Any CPU
		{C316646B-B739-41D5-9300-3AFBB1B6B43A}.Debug|Any CPU.ActiveCfg = Debug|Any CPU
		{C316646B-B739-41D5-9300-3AFBB1B6B43A}.Debug|Any CPU.Build.0 = Debug|Any CPU
		{C316646B-B739-41D5-9300-3AFBB1B6B43A}.Release|Any CPU.ActiveCfg = Release|Any CPU
		{C316646B-B739-41D5-9300-3AFBB1B6B43A}.Release|Any CPU.Build.0 = Release|Any CPU
		{566BC63F-682F-43A2-B21A-DAE2DE7D41A8}.Debug|Any CPU.ActiveCfg = Debug|Any CPU
		{566BC63F-682F-43A2-B21A-DAE2DE7D41A8}.Debug|Any CPU.Build.0 = Debug|Any CPU
		{566BC63F-682F-43A2-B21A-DAE2DE7D41A8}.Release|Any CPU.ActiveCfg = Release|Any CPU
		{566BC63F-682F-43A2-B21A-DAE2DE7D41A8}.Release|Any CPU.Build.0 = Release|Any CPU
		{F17E93AB-C767-4381-A3E3-3D91FF75A88E}.Debug|Any CPU.ActiveCfg = Debug|Any CPU
		{F17E93AB-C767-4381-A3E3-3D91FF75A88E}.Debug|Any CPU.Build.0 = Debug|Any CPU
		{F17E93AB-C767-4381-A3E3-3D91FF75A88E}.Release|Any CPU.ActiveCfg = Release|Any CPU
		{F17E93AB-C767-4381-A3E3-3D91FF75A88E}.Release|Any CPU.Build.0 = Release|Any CPU
		{39C3E83A-E803-47D5-A0D5-62C19AF991E7}.Debug|Any CPU.ActiveCfg = Debug|Any CPU
		{39C3E83A-E803-47D5-A0D5-62C19AF991E7}.Debug|Any CPU.Build.0 = Debug|Any CPU
		{39C3E83A-E803-47D5-A0D5-62C19AF991E7}.Release|Any CPU.ActiveCfg = Release|Any CPU
		{39C3E83A-E803-47D5-A0D5-62C19AF991E7}.Release|Any CPU.Build.0 = Release|Any CPU
		{5FE24EDD-55CC-47B3-92D3-3D700474CFFC}.Debug|Any CPU.ActiveCfg = Debug|Any CPU
		{5FE24EDD-55CC-47B3-92D3-3D700474CFFC}.Debug|Any CPU.Build.0 = Debug|Any CPU
		{5FE24EDD-55CC-47B3-92D3-3D700474CFFC}.Release|Any CPU.ActiveCfg = Release|Any CPU
		{5FE24EDD-55CC-47B3-92D3-3D700474CFFC}.Release|Any CPU.Build.0 = Release|Any CPU
	EndGlobalSection
	GlobalSection(SolutionProperties) = preSolution
		HideSolutionNode = FALSE
	EndGlobalSection
	GlobalSection(NestedProjects) = preSolution
		{A840AC5A-3E89-41C0-AACB-89BC807B01B7} = {D5259F68-05F8-4DD5-BE8B-282EBAF349A1}
		{C249F581-9A1B-4629-9F0B-6B16F2D17BBE} = {D5259F68-05F8-4DD5-BE8B-282EBAF349A1}
		{D167C60D-9CA7-4812-9A8C-222F26699A23} = {D5259F68-05F8-4DD5-BE8B-282EBAF349A1}
		{35473A3B-602E-45FF-9A8A-A60649017146} = {D5259F68-05F8-4DD5-BE8B-282EBAF349A1}
		{EEBBE234-F747-486C-A634-8C74494007AB} = {D5259F68-05F8-4DD5-BE8B-282EBAF349A1}
		{1675682D-C361-4FB8-AA10-0749CEA0BA42} = {D5259F68-05F8-4DD5-BE8B-282EBAF349A1}
		{6485DF2C-D690-40A1-98E1-6F7563BE5B2C} = {C249F581-9A1B-4629-9F0B-6B16F2D17BBE}
		{FC680DF8-3DB1-460E-87B4-64865122315D} = {D167C60D-9CA7-4812-9A8C-222F26699A23}
		{02EA681E-C7D8-13C7-8484-4AC65E1B71E8} = {C249F581-9A1B-4629-9F0B-6B16F2D17BBE}
		{062A7EBA-69E8-4591-869C-C38552265158} = {02EA681E-C7D8-13C7-8484-4AC65E1B71E8}
		{372F3ADA-3761-4615-BB39-365D9ACEE01B} = {C249F581-9A1B-4629-9F0B-6B16F2D17BBE}
		{C316646B-B739-41D5-9300-3AFBB1B6B43A} = {C249F581-9A1B-4629-9F0B-6B16F2D17BBE}
		{566BC63F-682F-43A2-B21A-DAE2DE7D41A8} = {3707547C-CE16-457D-B8C0-7BD5B2BA0344}
		{F17E93AB-C767-4381-A3E3-3D91FF75A88E} = {1675682D-C361-4FB8-AA10-0749CEA0BA42}
		{39C3E83A-E803-47D5-A0D5-62C19AF991E7} = {1675682D-C361-4FB8-AA10-0749CEA0BA42}
		{5FE24EDD-55CC-47B3-92D3-3D700474CFFC} = {1675682D-C361-4FB8-AA10-0749CEA0BA42}
	EndGlobalSection
	GlobalSection(ExtensibilityGlobals) = postSolution
		SolutionGuid = {04D9D606-D65F-4B63-912E-D04FC8B20E38}
	EndGlobalSection
EndGlobal
